
Microsoft Visual Studio Solution File, Format Version 12.00
# Visual Studio Version 17
VisualStudioVersion = 17.4.33213.308
MinimumVisualStudioVersion = 10.0.40219.1
Project("{FAE04EC0-301F-11D3-BF4B-00C04F79EFBC}") = "trading card shop website", "trading card shop website.csproj", "{286576AB-D6A9-4EAD-BFA6-C9C8D2C7FF79}"
EndProject
Global
	GlobalSection(SolutionConfigurationPlatforms) = preSolution
		Debug|Any CPU = Debug|Any CPU
		Release|Any CPU = Release|Any CPU
	EndGlobalSection
	GlobalSection(ProjectConfigurationPlatforms) = postSolution
		{286576AB-D6A9-4EAD-BFA6-C9C8D2C7FF79}.Debug|Any CPU.ActiveCfg = Debug|Any CPU
		{286576AB-D6A9-4EAD-BFA6-C9C8D2C7FF79}.Debug|Any CPU.Build.0 = Debug|Any CPU
		{286576AB-D6A9-4EAD-BFA6-C9C8D2C7FF79}.Release|Any CPU.ActiveCfg = Release|Any CPU
		{286576AB-D6A9-4EAD-BFA6-C9C8D2C7FF79}.Release|Any CPU.Build.0 = Release|Any CPU
	EndGlobalSection
	GlobalSection(SolutionProperties) = preSolution
		HideSolutionNode = FALSE
	EndGlobalSection
	GlobalSection(ExtensibilityGlobals) = postSolution
		SolutionGuid = {AAAD2AD5-54FA-4B08-B879-BF5DFFC0634A}
	EndGlobalSection
EndGlobal
